
Microsoft Visual Studio Solution File, Format Version 12.00
# Visual Studio 14
VisualStudioVersion = 14.0.25123.0
MinimumVisualStudioVersion = 10.0.40219.1
Project("{FAE04EC0-301F-11D3-BF4B-00C04F79EFBC}") = "Bud.TaskGraph", "Bud.TaskGraph\Bud.TaskGraph.csproj", "{35BEDB27-2332-4740-9153-4565E64931AD}"
EndProject
Project("{FAE04EC0-301F-11D3-BF4B-00C04F79EFBC}") = "Bud.TaskGraph.Test", "Bud.TaskGraph.Test\Bud.TaskGraph.Test.csproj", "{BAD432BC-1AB3-4EF7-B99C-7D7EDC6FC091}"
EndProject
Global
	GlobalSection(SolutionConfigurationPlatforms) = preSolution
		Debug|Any CPU = Debug|Any CPU
		Release|Any CPU = Release|Any CPU
	EndGlobalSection
	GlobalSection(ProjectConfigurationPlatforms) = postSolution
		{35BEDB27-2332-4740-9153-4565E64931AD}.Debug|Any CPU.ActiveCfg = Debug|Any CPU
		{35BEDB27-2332-4740-9153-4565E64931AD}.Debug|Any CPU.Build.0 = Debug|Any CPU
		{35BEDB27-2332-4740-9153-4565E64931AD}.Release|Any CPU.ActiveCfg = Release|Any CPU
		{35BEDB27-2332-4740-9153-4565E64931AD}.Release|Any CPU.Build.0 = Release|Any CPU
		{BAD432BC-1AB3-4EF7-B99C-7D7EDC6FC091}.Debug|Any CPU.ActiveCfg = Debug|Any CPU
		{BAD432BC-1AB3-4EF7-B99C-7D7EDC6FC091}.Debug|Any CPU.Build.0 = Debug|Any CPU
		{BAD432BC-1AB3-4EF7-B99C-7D7EDC6FC091}.Release|Any CPU.ActiveCfg = Release|Any CPU
		{BAD432BC-1AB3-4EF7-B99C-7D7EDC6FC091}.Release|Any CPU.Build.0 = Release|Any CPU
	EndGlobalSection
	GlobalSection(SolutionProperties) = preSolution
		HideSolutionNode = FALSE
	EndGlobalSection
EndGlobal
